# This file is automatically @generated by Cargo.
# It is not intended for manual editing.
version = 3

[[package]]
name = "adler2"
version = "2.0.0"
source = "registry+https://github.com/rust-lang/crates.io-index"
checksum = "512761e0bb2578dd7380c6baaa0f4ce03e84f95e960231d1dec8bf4d7d6e2627"

[[package]]
name = "ahash"
version = "0.8.11"
source = "registry+https://github.com/rust-lang/crates.io-index"
checksum = "e89da841a80418a9b391ebaea17f5c112ffaaa96f621d2c285b5174da76b9011"
dependencies = [
 "cfg-if",
 "once_cell",
 "version_check",
 "zerocopy",
]

[[package]]
name = "allocator-api2"
version = "0.2.18"
source = "registry+https://github.com/rust-lang/crates.io-index"
checksum = "5c6cb57a04249c6480766f7f7cef5467412af1490f8d1e243141daddada3264f"

[[package]]
name = "anstream"
version = "0.6.15"
source = "registry+https://github.com/rust-lang/crates.io-index"
checksum = "64e15c1ab1f89faffbf04a634d5e1962e9074f2741eef6d97f3c4e322426d526"
dependencies = [
 "anstyle",
 "anstyle-parse",
 "anstyle-query",
 "anstyle-wincon",
 "colorchoice",
 "is_terminal_polyfill",
 "utf8parse",
]

[[package]]
name = "anstyle"
version = "1.0.8"
source = "registry+https://github.com/rust-lang/crates.io-index"
checksum = "1bec1de6f59aedf83baf9ff929c98f2ad654b97c9510f4e70cf6f661d49fd5b1"

[[package]]
name = "anstyle-parse"
version = "0.2.5"
source = "registry+https://github.com/rust-lang/crates.io-index"
checksum = "eb47de1e80c2b463c735db5b217a0ddc39d612e7ac9e2e96a5aed1f57616c1cb"
dependencies = [
 "utf8parse",
]

[[package]]
name = "anstyle-query"
version = "1.1.1"
source = "registry+https://github.com/rust-lang/crates.io-index"
checksum = "6d36fc52c7f6c869915e99412912f22093507da8d9e942ceaf66fe4b7c14422a"
dependencies = [
 "windows-sys 0.52.0",
]

[[package]]
name = "anstyle-wincon"
version = "3.0.4"
source = "registry+https://github.com/rust-lang/crates.io-index"
checksum = "5bf74e1b6e971609db8ca7a9ce79fd5768ab6ae46441c572e46cf596f59e57f8"
dependencies = [
 "anstyle",
 "windows-sys 0.52.0",
]

[[package]]
name = "arc-swap"
version = "1.7.1"
source = "registry+https://github.com/rust-lang/crates.io-index"
checksum = "69f7f8c3906b62b754cd5326047894316021dcfe5a194c8ea52bdd94934a3457"

[[package]]
name = "autocfg"
version = "1.4.0"
source = "registry+https://github.com/rust-lang/crates.io-index"
checksum = "ace50bade8e6234aa140d9a2f552bbee1db4d353f69b8217bc503490fc1a9f26"

[[package]]
name = "bitflags"
version = "2.6.0"
source = "registry+https://github.com/rust-lang/crates.io-index"
checksum = "b048fb63fd8b5923fc5aa7b340d8e156aec7ec02f0c78fa8a6ddc2613f6f71de"

[[package]]
name = "bosion"
version = "1.1.0"
dependencies = [
 "gix",
 "time",
]

[[package]]
name = "bosion-example-clap"
version = "0.1.0"
dependencies = [
 "bosion",
 "clap",
]

[[package]]
name = "bstr"
version = "1.10.0"
source = "registry+https://github.com/rust-lang/crates.io-index"
checksum = "40723b8fb387abc38f4f4a37c09073622e41dd12327033091ef8950659e6dc0c"
dependencies = [
 "memchr",
 "regex-automata",
 "serde",
]

[[package]]
name = "cfg-if"
version = "1.0.0"
source = "registry+https://github.com/rust-lang/crates.io-index"
checksum = "baf1de4339761588bc0619e3cbc0120ee582ebb74b53b4efbf79117bd2da40fd"

[[package]]
name = "clap"
version = "4.5.20"
source = "registry+https://github.com/rust-lang/crates.io-index"
checksum = "b97f376d85a664d5837dbae44bf546e6477a679ff6610010f17276f686d867e8"
dependencies = [
 "clap_builder",
 "clap_derive",
]

[[package]]
name = "clap_builder"
version = "4.5.20"
source = "registry+https://github.com/rust-lang/crates.io-index"
checksum = "19bc80abd44e4bed93ca373a0704ccbd1b710dc5749406201bb018272808dc54"
dependencies = [
 "anstream",
 "anstyle",
 "clap_lex",
 "strsim",
]

[[package]]
name = "clap_derive"
version = "4.5.18"
source = "registry+https://github.com/rust-lang/crates.io-index"
checksum = "4ac6a0c7b1a9e9a5186361f67dfa1b88213572f427fb9ab038efb2bd8c582dab"
dependencies = [
 "heck",
 "proc-macro2",
 "quote",
 "syn",
]

[[package]]
name = "clap_lex"
version = "0.7.2"
source = "registry+https://github.com/rust-lang/crates.io-index"
checksum = "1462739cb27611015575c0c11df5df7601141071f07518d56fcc1be504cbec97"

[[package]]
name = "clru"
version = "0.6.2"
source = "registry+https://github.com/rust-lang/crates.io-index"
checksum = "cbd0f76e066e64fdc5631e3bb46381254deab9ef1158292f27c8c57e3bf3fe59"

[[package]]
name = "colorchoice"
version = "1.0.2"
source = "registry+https://github.com/rust-lang/crates.io-index"
checksum = "d3fd119d74b830634cea2a0f58bbd0d54540518a14397557951e79340abc28c0"

[[package]]
name = "crc32fast"
version = "1.4.2"
source = "registry+https://github.com/rust-lang/crates.io-index"
checksum = "a97769d94ddab943e4510d138150169a2758b5ef3eb191a9ee688de3e23ef7b3"
dependencies = [
 "cfg-if",
]

[[package]]
name = "deranged"
version = "0.3.11"
source = "registry+https://github.com/rust-lang/crates.io-index"
checksum = "b42b6fa04a440b495c8b04d0e71b707c585f83cb9cb28cf8cd0d976c315e31b4"
dependencies = [
 "powerfmt",
]

[[package]]
name = "dunce"
version = "1.0.5"
source = "registry+https://github.com/rust-lang/crates.io-index"
checksum = "92773504d58c093f6de2459af4af33faa518c13451eb8f2b5698ed3d36e7c813"

[[package]]
name = "errno"
version = "0.3.9"
source = "registry+https://github.com/rust-lang/crates.io-index"
checksum = "534c5cf6194dfab3db3242765c03bbe257cf92f22b38f6bc0c58d59108a820ba"
dependencies = [
 "libc",
 "windows-sys 0.52.0",
]

[[package]]
name = "faster-hex"
version = "0.9.0"
source = "registry+https://github.com/rust-lang/crates.io-index"
checksum = "a2a2b11eda1d40935b26cf18f6833c526845ae8c41e58d09af6adeb6f0269183"

[[package]]
name = "fastrand"
version = "2.1.1"
source = "registry+https://github.com/rust-lang/crates.io-index"
checksum = "e8c02a5121d4ea3eb16a80748c74f5549a5665e4c21333c6098f283870fbdea6"

[[package]]
name = "filetime"
version = "0.2.25"
source = "registry+https://github.com/rust-lang/crates.io-index"
checksum = "35c0522e981e68cbfa8c3f978441a5f34b30b96e146b33cd3359176b50fe8586"
dependencies = [
 "cfg-if",
 "libc",
 "libredox",
 "windows-sys 0.59.0",
]

[[package]]
name = "flate2"
version = "1.0.34"
source = "registry+https://github.com/rust-lang/crates.io-index"
checksum = "a1b589b4dc103969ad3cf85c950899926ec64300a1a46d76c03a6072957036f0"
dependencies = [
 "crc32fast",
 "miniz_oxide",
]

[[package]]
name = "fnv"
version = "1.0.7"
source = "registry+https://github.com/rust-lang/crates.io-index"
checksum = "3f9eec918d3f24069decb9af1554cad7c880e2da24a9afd88aca000531ab82c1"

[[package]]
name = "form_urlencoded"
version = "1.2.1"
source = "registry+https://github.com/rust-lang/crates.io-index"
checksum = "e13624c2627564efccf4934284bdd98cbaa14e79b0b5a141218e507b3a823456"
dependencies = [
 "percent-encoding",
]

[[package]]
name = "gix"
version = "0.66.0"
source = "registry+https://github.com/rust-lang/crates.io-index"
checksum = "9048b8d1ae2104f045cb37e5c450fc49d5d8af22609386bfc739c11ba88995eb"
dependencies = [
 "gix-actor",
 "gix-commitgraph",
 "gix-config",
 "gix-date",
 "gix-diff",
 "gix-discover",
 "gix-features",
 "gix-fs",
 "gix-glob",
 "gix-hash",
 "gix-hashtable",
 "gix-index",
 "gix-lock",
 "gix-object",
 "gix-odb",
 "gix-pack",
 "gix-path",
 "gix-ref",
 "gix-refspec",
 "gix-revision",
 "gix-revwalk",
 "gix-sec",
 "gix-tempfile",
 "gix-trace",
 "gix-traverse",
 "gix-url",
 "gix-utils",
 "gix-validate",
 "once_cell",
 "smallvec",
 "thiserror",
]

[[package]]
name = "gix-actor"
version = "0.32.0"
source = "registry+https://github.com/rust-lang/crates.io-index"
checksum = "fc19e312cd45c4a66cd003f909163dc2f8e1623e30a0c0c6df3776e89b308665"
dependencies = [
 "bstr",
 "gix-date",
 "gix-utils",
 "itoa",
 "thiserror",
 "winnow",
]

[[package]]
name = "gix-bitmap"
version = "0.2.11"
source = "registry+https://github.com/rust-lang/crates.io-index"
checksum = "a371db66cbd4e13f0ed9dc4c0fea712d7276805fccc877f77e96374d317e87ae"
dependencies = [
 "thiserror",
]

[[package]]
name = "gix-chunk"
version = "0.4.8"
source = "registry+https://github.com/rust-lang/crates.io-index"
checksum = "45c8751169961ba7640b513c3b24af61aa962c967aaf04116734975cd5af0c52"
dependencies = [
 "thiserror",
]

[[package]]
name = "gix-commitgraph"
version = "0.24.3"
source = "registry+https://github.com/rust-lang/crates.io-index"
checksum = "133b06f67f565836ec0c473e2116a60fb74f80b6435e21d88013ac0e3c60fc78"
dependencies = [
 "bstr",
 "gix-chunk",
 "gix-features",
 "gix-hash",
 "memmap2",
 "thiserror",
]

[[package]]
name = "gix-config"
version = "0.40.0"
source = "registry+https://github.com/rust-lang/crates.io-index"
checksum = "78e797487e6ca3552491de1131b4f72202f282fb33f198b1c34406d765b42bb0"
dependencies = [
 "bstr",
 "gix-config-value",
 "gix-features",
 "gix-glob",
 "gix-path",
 "gix-ref",
 "gix-sec",
 "memchr",
 "once_cell",
 "smallvec",
 "thiserror",
 "unicode-bom",
 "winnow",
]

[[package]]
name = "gix-config-value"
version = "0.14.8"
source = "registry+https://github.com/rust-lang/crates.io-index"
checksum = "03f76169faa0dec598eac60f83d7fcdd739ec16596eca8fb144c88973dbe6f8c"
dependencies = [
 "bitflags",
 "bstr",
 "gix-path",
 "libc",
 "thiserror",
]

[[package]]
name = "gix-date"
version = "0.9.0"
source = "registry+https://github.com/rust-lang/crates.io-index"
checksum = "35c84b7af01e68daf7a6bb8bb909c1ff5edb3ce4326f1f43063a5a96d3c3c8a5"
dependencies = [
 "bstr",
 "itoa",
 "jiff",
 "thiserror",
]

[[package]]
name = "gix-diff"
version = "0.46.0"
source = "registry+https://github.com/rust-lang/crates.io-index"
checksum = "92c9afd80fff00f8b38b1c1928442feb4cd6d2232a6ed806b6b193151a3d336c"
dependencies = [
 "bstr",
 "gix-hash",
 "gix-object",
 "thiserror",
]

[[package]]
name = "gix-discover"
version = "0.35.0"
source = "registry+https://github.com/rust-lang/crates.io-index"
checksum = "0577366b9567376bc26e815fd74451ebd0e6218814e242f8e5b7072c58d956d2"
dependencies = [
 "bstr",
 "dunce",
 "gix-fs",
 "gix-hash",
 "gix-path",
 "gix-ref",
 "gix-sec",
 "thiserror",
]

[[package]]
name = "gix-features"
version = "0.38.2"
source = "registry+https://github.com/rust-lang/crates.io-index"
checksum = "ac7045ac9fe5f9c727f38799d002a7ed3583cd777e3322a7c4b43e3cf437dc69"
dependencies = [
 "crc32fast",
 "flate2",
 "gix-hash",
 "gix-trace",
 "gix-utils",
 "libc",
 "once_cell",
 "prodash",
 "sha1_smol",
 "thiserror",
 "walkdir",
]

[[package]]
name = "gix-fs"
version = "0.11.3"
source = "registry+https://github.com/rust-lang/crates.io-index"
checksum = "f2bfe6249cfea6d0c0e0990d5226a4cb36f030444ba9e35e0639275db8f98575"
dependencies = [
 "fastrand",
 "gix-features",
 "gix-utils",
]

[[package]]
name = "gix-glob"
version = "0.16.5"
source = "registry+https://github.com/rust-lang/crates.io-index"
checksum = "74908b4bbc0a0a40852737e5d7889f676f081e340d5451a16e5b4c50d592f111"
dependencies = [
 "bitflags",
 "bstr",
 "gix-features",
 "gix-path",
]

[[package]]
name = "gix-hash"
version = "0.14.2"
source = "registry+https://github.com/rust-lang/crates.io-index"
checksum = "f93d7df7366121b5018f947a04d37f034717e113dcf9ccd85c34b58e57a74d5e"
dependencies = [
 "faster-hex",
 "thiserror",
]

[[package]]
name = "gix-hashtable"
version = "0.5.2"
source = "registry+https://github.com/rust-lang/crates.io-index"
checksum = "7ddf80e16f3c19ac06ce415a38b8591993d3f73aede049cb561becb5b3a8e242"
dependencies = [
 "gix-hash",
 "hashbrown",
 "parking_lot",
]

[[package]]
name = "gix-index"
version = "0.35.0"
source = "registry+https://github.com/rust-lang/crates.io-index"
checksum = "0cd4203244444017682176e65fd0180be9298e58ed90bd4a8489a357795ed22d"
dependencies = [
 "bitflags",
 "bstr",
 "filetime",
 "fnv",
 "gix-bitmap",
 "gix-features",
 "gix-fs",
 "gix-hash",
 "gix-lock",
 "gix-object",
 "gix-traverse",
 "gix-utils",
 "gix-validate",
 "hashbrown",
 "itoa",
 "libc",
 "memmap2",
 "rustix",
 "smallvec",
 "thiserror",
]

[[package]]
name = "gix-lock"
version = "14.0.0"
source = "registry+https://github.com/rust-lang/crates.io-index"
checksum = "e3bc7fe297f1f4614774989c00ec8b1add59571dc9b024b4c00acb7dedd4e19d"
dependencies = [
 "gix-tempfile",
 "gix-utils",
 "thiserror",
]

[[package]]
name = "gix-object"
version = "0.44.0"
source = "registry+https://github.com/rust-lang/crates.io-index"
checksum = "2f5b801834f1de7640731820c2df6ba88d95480dc4ab166a5882f8ff12b88efa"
dependencies = [
 "bstr",
 "gix-actor",
 "gix-date",
 "gix-features",
 "gix-hash",
 "gix-utils",
 "gix-validate",
 "itoa",
 "smallvec",
 "thiserror",
 "winnow",
]

[[package]]
name = "gix-odb"
version = "0.63.0"
source = "registry+https://github.com/rust-lang/crates.io-index"
checksum = "a3158068701c17df54f0ab2adda527f5a6aca38fd5fd80ceb7e3c0a2717ec747"
dependencies = [
 "arc-swap",
 "gix-date",
 "gix-features",
 "gix-fs",
 "gix-hash",
 "gix-object",
 "gix-pack",
 "gix-path",
 "gix-quote",
 "parking_lot",
 "tempfile",
 "thiserror",
]

[[package]]
name = "gix-pack"
version = "0.53.0"
source = "registry+https://github.com/rust-lang/crates.io-index"
checksum = "3223aa342eee21e1e0e403cad8ae9caf9edca55ef84c347738d10681676fd954"
dependencies = [
 "clru",
 "gix-chunk",
 "gix-features",
 "gix-hash",
 "gix-hashtable",
 "gix-object",
 "gix-path",
 "memmap2",
 "smallvec",
 "thiserror",
]

[[package]]
name = "gix-path"
version = "0.10.11"
source = "registry+https://github.com/rust-lang/crates.io-index"
checksum = "ebfc4febd088abdcbc9f1246896e57e37b7a34f6909840045a1767c6dafac7af"
dependencies = [
 "bstr",
 "gix-trace",
 "home",
 "once_cell",
 "thiserror",
]

[[package]]
name = "gix-quote"
version = "0.4.12"
source = "registry+https://github.com/rust-lang/crates.io-index"
checksum = "cbff4f9b9ea3fa7a25a70ee62f545143abef624ac6aa5884344e70c8b0a1d9ff"
dependencies = [
 "bstr",
 "gix-utils",
 "thiserror",
]

[[package]]
name = "gix-ref"
version = "0.47.0"
source = "registry+https://github.com/rust-lang/crates.io-index"
checksum = "ae0d8406ebf9aaa91f55a57f053c5a1ad1a39f60fdf0303142b7be7ea44311e5"
dependencies = [
 "gix-actor",
 "gix-features",
 "gix-fs",
 "gix-hash",
 "gix-lock",
 "gix-object",
 "gix-path",
 "gix-tempfile",
 "gix-utils",
 "gix-validate",
 "memmap2",
 "thiserror",
 "winnow",
]

[[package]]
name = "gix-refspec"
version = "0.25.0"
source = "registry+https://github.com/rust-lang/crates.io-index"
checksum = "ebb005f82341ba67615ffdd9f7742c87787544441c88090878393d0682869ca6"
dependencies = [
 "bstr",
 "gix-hash",
 "gix-revision",
 "gix-validate",
 "smallvec",
 "thiserror",
]

[[package]]
name = "gix-revision"
version = "0.29.0"
source = "registry+https://github.com/rust-lang/crates.io-index"
checksum = "ba4621b219ac0cdb9256883030c3d56a6c64a6deaa829a92da73b9a576825e1e"
dependencies = [
 "bstr",
 "gix-date",
 "gix-hash",
 "gix-hashtable",
 "gix-object",
 "gix-revwalk",
 "gix-trace",
 "thiserror",
]

[[package]]
name = "gix-revwalk"
version = "0.15.0"
source = "registry+https://github.com/rust-lang/crates.io-index"
checksum = "b41e72544b93084ee682ef3d5b31b1ba4d8fa27a017482900e5e044d5b1b3984"
dependencies = [
 "gix-commitgraph",
 "gix-date",
 "gix-hash",
 "gix-hashtable",
 "gix-object",
 "smallvec",
 "thiserror",
]

[[package]]
name = "gix-sec"
version = "0.10.8"
source = "registry+https://github.com/rust-lang/crates.io-index"
checksum = "0fe4d52f30a737bbece5276fab5d3a8b276dc2650df963e293d0673be34e7a5f"
dependencies = [
 "bitflags",
 "gix-path",
 "libc",
 "windows-sys 0.52.0",
]

[[package]]
name = "gix-tempfile"
version = "14.0.2"
source = "registry+https://github.com/rust-lang/crates.io-index"
checksum = "046b4927969fa816a150a0cda2e62c80016fe11fb3c3184e4dddf4e542f108aa"
dependencies = [
 "gix-fs",
 "libc",
 "once_cell",
 "parking_lot",
 "tempfile",
]

[[package]]
name = "gix-trace"
version = "0.1.10"
source = "registry+https://github.com/rust-lang/crates.io-index"
checksum = "6cae0e8661c3ff92688ce1c8b8058b3efb312aba9492bbe93661a21705ab431b"

[[package]]
name = "gix-traverse"
version = "0.41.0"
source = "registry+https://github.com/rust-lang/crates.io-index"
checksum = "030da39af94e4df35472e9318228f36530989327906f38e27807df305fccb780"
dependencies = [
 "bitflags",
 "gix-commitgraph",
 "gix-date",
 "gix-hash",
 "gix-hashtable",
 "gix-object",
 "gix-revwalk",
 "smallvec",
 "thiserror",
]

[[package]]
name = "gix-url"
version = "0.27.5"
source = "registry+https://github.com/rust-lang/crates.io-index"
checksum = "fd280c5e84fb22e128ed2a053a0daeacb6379469be6a85e3d518a0636e160c89"
dependencies = [
 "bstr",
 "gix-features",
 "gix-path",
 "home",
 "thiserror",
 "url",
]

[[package]]
name = "gix-utils"
version = "0.1.12"
source = "registry+https://github.com/rust-lang/crates.io-index"
checksum = "35192df7fd0fa112263bad8021e2df7167df4cc2a6e6d15892e1e55621d3d4dc"
dependencies = [
 "fastrand",
 "unicode-normalization",
]

[[package]]
name = "gix-validate"
version = "0.9.0"
source = "registry+https://github.com/rust-lang/crates.io-index"
checksum = "81f2badbb64e57b404593ee26b752c26991910fd0d81fe6f9a71c1a8309b6c86"
dependencies = [
 "bstr",
 "thiserror",
]

[[package]]
name = "hashbrown"
version = "0.14.5"
source = "registry+https://github.com/rust-lang/crates.io-index"
checksum = "e5274423e17b7c9fc20b6e7e208532f9b19825d82dfd615708b70edd83df41f1"
dependencies = [
 "ahash",
 "allocator-api2",
]

[[package]]
name = "heck"
version = "0.5.0"
source = "registry+https://github.com/rust-lang/crates.io-index"
checksum = "2304e00983f87ffb38b55b444b5e3b60a884b5d30c0fca7d82fe33449bbe55ea"

[[package]]
name = "home"
version = "0.5.9"
source = "registry+https://github.com/rust-lang/crates.io-index"
checksum = "e3d1354bf6b7235cb4a0576c2619fd4ed18183f689b12b006a0ee7329eeff9a5"
dependencies = [
 "windows-sys 0.52.0",
]

[[package]]
name = "idna"
version = "0.5.0"
source = "registry+https://github.com/rust-lang/crates.io-index"
checksum = "634d9b1461af396cad843f47fdba5597a4f9e6ddd4bfb6ff5d85028c25cb12f6"
dependencies = [
 "unicode-bidi",
 "unicode-normalization",
]

[[package]]
name = "is_terminal_polyfill"
version = "1.70.1"
source = "registry+https://github.com/rust-lang/crates.io-index"
checksum = "7943c866cc5cd64cbc25b2e01621d07fa8eb2a1a23160ee81ce38704e97b8ecf"

[[package]]
name = "itoa"
version = "1.0.11"
source = "registry+https://github.com/rust-lang/crates.io-index"
checksum = "49f1f14873335454500d59611f1cf4a4b0f786f9ac11f4312a78e4cf2566695b"

[[package]]
name = "jiff"
version = "0.1.13"
source = "registry+https://github.com/rust-lang/crates.io-index"
checksum = "8a45489186a6123c128fdf6016183fcfab7113e1820eb813127e036e287233fb"
dependencies = [
 "jiff-tzdb-platform",
 "windows-sys 0.59.0",
]

[[package]]
name = "jiff-tzdb"
version = "0.1.1"
source = "registry+https://github.com/rust-lang/crates.io-index"
checksum = "91335e575850c5c4c673b9bd467b0e025f164ca59d0564f69d0c2ee0ffad4653"

[[package]]
name = "jiff-tzdb-platform"
version = "0.1.1"
source = "registry+https://github.com/rust-lang/crates.io-index"
checksum = "9835f0060a626fe59f160437bc725491a6af23133ea906500027d1bd2f8f4329"
dependencies = [
 "jiff-tzdb",
]

[[package]]
name = "libc"
version = "0.2.159"
source = "registry+https://github.com/rust-lang/crates.io-index"
checksum = "561d97a539a36e26a9a5fad1ea11a3039a67714694aaa379433e580854bc3dc5"

[[package]]
name = "libredox"
version = "0.1.3"
source = "registry+https://github.com/rust-lang/crates.io-index"
checksum = "c0ff37bd590ca25063e35af745c343cb7a0271906fb7b37e4813e8f79f00268d"
dependencies = [
 "bitflags",
 "libc",
 "redox_syscall",
]

[[package]]
name = "linux-raw-sys"
version = "0.4.14"
source = "registry+https://github.com/rust-lang/crates.io-index"
checksum = "78b3ae25bc7c8c38cec158d1f2757ee79e9b3740fbc7ccf0e59e4b08d793fa89"

[[package]]
name = "lock_api"
version = "0.4.12"
source = "registry+https://github.com/rust-lang/crates.io-index"
checksum = "07af8b9cdd281b7915f413fa73f29ebd5d55d0d3f0155584dade1ff18cea1b17"
dependencies = [
 "autocfg",
 "scopeguard",
]

[[package]]
name = "memchr"
version = "2.7.4"
source = "registry+https://github.com/rust-lang/crates.io-index"
checksum = "78ca9ab1a0babb1e7d5695e3530886289c18cf2f87ec19a575a0abdce112e3a3"

[[package]]
name = "memmap2"
version = "0.9.5"
source = "registry+https://github.com/rust-lang/crates.io-index"
checksum = "fd3f7eed9d3848f8b98834af67102b720745c4ec028fcd0aa0239277e7de374f"
dependencies = [
 "libc",
]

[[package]]
name = "miniz_oxide"
version = "0.8.0"
source = "registry+https://github.com/rust-lang/crates.io-index"
checksum = "e2d80299ef12ff69b16a84bb182e3b9df68b5a91574d3d4fa6e41b65deec4df1"
dependencies = [
 "adler2",
]

[[package]]
name = "num-conv"
version = "0.1.0"
source = "registry+https://github.com/rust-lang/crates.io-index"
checksum = "51d515d32fb182ee37cda2ccdcb92950d6a3c2893aa280e540671c2cd0f3b1d9"

[[package]]
name = "once_cell"
version = "1.20.2"
source = "registry+https://github.com/rust-lang/crates.io-index"
checksum = "1261fe7e33c73b354eab43b1273a57c8f967d0391e80353e51f764ac02cf6775"

[[package]]
name = "parking_lot"
version = "0.12.3"
source = "registry+https://github.com/rust-lang/crates.io-index"
checksum = "f1bf18183cf54e8d6059647fc3063646a1801cf30896933ec2311622cc4b9a27"
dependencies = [
 "lock_api",
 "parking_lot_core",
]

[[package]]
name = "parking_lot_core"
version = "0.9.10"
source = "registry+https://github.com/rust-lang/crates.io-index"
checksum = "1e401f977ab385c9e4e3ab30627d6f26d00e2c73eef317493c4ec6d468726cf8"
dependencies = [
 "cfg-if",
 "libc",
 "redox_syscall",
 "smallvec",
 "windows-targets",
]

[[package]]
name = "percent-encoding"
version = "2.3.1"
source = "registry+https://github.com/rust-lang/crates.io-index"
checksum = "e3148f5046208a5d56bcfc03053e3ca6334e51da8dfb19b6cdc8b306fae3283e"

[[package]]
name = "powerfmt"
version = "0.2.0"
source = "registry+https://github.com/rust-lang/crates.io-index"
checksum = "439ee305def115ba05938db6eb1644ff94165c5ab5e9420d1c1bcedbba909391"

[[package]]
name = "proc-macro2"
version = "1.0.87"
source = "registry+https://github.com/rust-lang/crates.io-index"
checksum = "b3e4daa0dcf6feba26f985457cdf104d4b4256fc5a09547140f3631bb076b19a"
dependencies = [
 "unicode-ident",
]

[[package]]
name = "prodash"
version = "28.0.0"
source = "registry+https://github.com/rust-lang/crates.io-index"
checksum = "744a264d26b88a6a7e37cbad97953fa233b94d585236310bcbc88474b4092d79"

[[package]]
name = "quote"
version = "1.0.37"
source = "registry+https://github.com/rust-lang/crates.io-index"
checksum = "b5b9d34b8991d19d98081b46eacdd8eb58c6f2b201139f7c5f643cc155a633af"
dependencies = [
 "proc-macro2",
]

[[package]]
name = "redox_syscall"
version = "0.5.7"
source = "registry+https://github.com/rust-lang/crates.io-index"
checksum = "9b6dfecf2c74bce2466cabf93f6664d6998a69eb21e39f4207930065b27b771f"
dependencies = [
 "bitflags",
]

[[package]]
name = "regex-automata"
version = "0.4.8"
source = "registry+https://github.com/rust-lang/crates.io-index"
checksum = "368758f23274712b504848e9d5a6f010445cc8b87a7cdb4d7cbee666c1288da3"

[[package]]
name = "rustix"
version = "0.38.37"
source = "registry+https://github.com/rust-lang/crates.io-index"
checksum = "8acb788b847c24f28525660c4d7758620a7210875711f79e7f663cc152726811"
dependencies = [
 "bitflags",
 "errno",
 "libc",
 "linux-raw-sys",
 "windows-sys 0.52.0",
]

[[package]]
name = "same-file"
version = "1.0.6"
source = "registry+https://github.com/rust-lang/crates.io-index"
checksum = "93fc1dc3aaa9bfed95e02e6eadabb4baf7e3078b0bd1b4d7b6b0b68378900502"
dependencies = [
 "winapi-util",
]

[[package]]
name = "scopeguard"
version = "1.2.0"
source = "registry+https://github.com/rust-lang/crates.io-index"
checksum = "94143f37725109f92c262ed2cf5e59bce7498c01bcc1502d7b9afe439a4e9f49"

[[package]]
name = "serde"
version = "1.0.210"
source = "registry+https://github.com/rust-lang/crates.io-index"
checksum = "c8e3592472072e6e22e0a54d5904d9febf8508f65fb8552499a1abc7d1078c3a"
dependencies = [
 "serde_derive",
]

[[package]]
name = "serde_derive"
version = "1.0.210"
source = "registry+https://github.com/rust-lang/crates.io-index"
checksum = "243902eda00fad750862fc144cea25caca5e20d615af0a81bee94ca738f1df1f"
dependencies = [
 "proc-macro2",
 "quote",
 "syn",
]

[[package]]
name = "sha1_smol"
version = "1.0.1"
source = "registry+https://github.com/rust-lang/crates.io-index"
checksum = "bbfa15b3dddfee50a0fff136974b3e1bde555604ba463834a7eb7deb6417705d"

[[package]]
name = "smallvec"
version = "1.13.2"
source = "registry+https://github.com/rust-lang/crates.io-index"
checksum = "3c5e1a9a646d36c3599cd173a41282daf47c44583ad367b8e6837255952e5c67"

[[package]]
name = "strsim"
version = "0.11.1"
source = "registry+https://github.com/rust-lang/crates.io-index"
checksum = "7da8b5736845d9f2fcb837ea5d9e2628564b3b043a70948a3f0b778838c5fb4f"

[[package]]
name = "syn"
version = "2.0.79"
source = "registry+https://github.com/rust-lang/crates.io-index"
checksum = "89132cd0bf050864e1d38dc3bbc07a0eb8e7530af26344d3d2bbbef83499f590"
dependencies = [
 "proc-macro2",
 "quote",
 "unicode-ident",
]

[[package]]
name = "tempfile"
version = "3.13.0"
source = "registry+https://github.com/rust-lang/crates.io-index"
checksum = "f0f2c9fc62d0beef6951ccffd757e241266a2c833136efbe35af6cd2567dca5b"
dependencies = [
 "cfg-if",
 "fastrand",
 "once_cell",
 "rustix",
 "windows-sys 0.59.0",
]

[[package]]
name = "thiserror"
version = "1.0.64"
source = "registry+https://github.com/rust-lang/crates.io-index"
checksum = "d50af8abc119fb8bb6dbabcfa89656f46f84aa0ac7688088608076ad2b459a84"
dependencies = [
 "thiserror-impl",
]

[[package]]
name = "thiserror-impl"
version = "1.0.64"
source = "registry+https://github.com/rust-lang/crates.io-index"
checksum = "08904e7672f5eb876eaaf87e0ce17857500934f4981c4a0ab2b4aa98baac7fc3"
dependencies = [
 "proc-macro2",
 "quote",
 "syn",
]

[[package]]
name = "time"
version = "0.3.36"
source = "registry+https://github.com/rust-lang/crates.io-index"
checksum = "5dfd88e563464686c916c7e46e623e520ddc6d79fa6641390f2e3fa86e83e885"
dependencies = [
 "deranged",
 "itoa",
 "num-conv",
 "powerfmt",
 "serde",
 "time-core",
 "time-macros",
]

[[package]]
name = "time-core"
version = "0.1.2"
source = "registry+https://github.com/rust-lang/crates.io-index"
checksum = "ef927ca75afb808a4d64dd374f00a2adf8d0fcff8e7b184af886c3c87ec4a3f3"

[[package]]
name = "time-macros"
version = "0.2.18"
source = "registry+https://github.com/rust-lang/crates.io-index"
checksum = "3f252a68540fde3a3877aeea552b832b40ab9a69e318efd078774a01ddee1ccf"
dependencies = [
 "num-conv",
 "time-core",
]

[[package]]
name = "tinyvec"
version = "1.8.0"
source = "registry+https://github.com/rust-lang/crates.io-index"
checksum = "445e881f4f6d382d5f27c034e25eb92edd7c784ceab92a0937db7f2e9471b938"
dependencies = [
 "tinyvec_macros",
]

[[package]]
name = "tinyvec_macros"
version = "0.1.1"
source = "registry+https://github.com/rust-lang/crates.io-index"
checksum = "1f3ccbac311fea05f86f61904b462b55fb3df8837a366dfc601a0161d0532f20"

[[package]]
name = "unicode-bidi"
version = "0.3.17"
source = "registry+https://github.com/rust-lang/crates.io-index"
checksum = "5ab17db44d7388991a428b2ee655ce0c212e862eff1768a455c58f9aad6e7893"

[[package]]
name = "unicode-bom"
version = "2.0.3"
source = "registry+https://github.com/rust-lang/crates.io-index"
checksum = "7eec5d1121208364f6793f7d2e222bf75a915c19557537745b195b253dd64217"

[[package]]
name = "unicode-ident"
version = "1.0.13"
source = "registry+https://github.com/rust-lang/crates.io-index"
checksum = "e91b56cd4cadaeb79bbf1a5645f6b4f8dc5bde8834ad5894a8db35fda9efa1fe"

[[package]]
name = "unicode-normalization"
version = "0.1.24"
source = "registry+https://github.com/rust-lang/crates.io-index"
checksum = "5033c97c4262335cded6d6fc3e5c18ab755e1a3dc96376350f3d8e9f009ad956"
dependencies = [
 "tinyvec",
]

[[package]]
name = "url"
version = "2.5.2"
source = "registry+https://github.com/rust-lang/crates.io-index"
checksum = "22784dbdf76fdde8af1aeda5622b546b422b6fc585325248a2bf9f5e41e94d6c"
dependencies = [
 "form_urlencoded",
 "idna",
 "percent-encoding",
]

[[package]]
name = "utf8parse"
version = "0.2.2"
source = "registry+https://github.com/rust-lang/crates.io-index"
checksum = "06abde3611657adf66d383f00b093d7faecc7fa57071cce2578660c9f1010821"

[[package]]
name = "version_check"
version = "0.9.5"
source = "registry+https://github.com/rust-lang/crates.io-index"
checksum = "0b928f33d975fc6ad9f86c8f283853ad26bdd5b10b7f1542aa2fa15e2289105a"

[[package]]
name = "walkdir"
version = "2.5.0"
source = "registry+https://github.com/rust-lang/crates.io-index"
checksum = "29790946404f91d9c5d06f9874efddea1dc06c5efe94541a7d6863108e3a5e4b"
dependencies = [
 "same-file",
 "winapi-util",
]

[[package]]
name = "winapi-util"
version = "0.1.9"
source = "registry+https://github.com/rust-lang/crates.io-index"
checksum = "cf221c93e13a30d793f7645a0e7762c55d169dbb0a49671918a2319d289b10bb"
dependencies = [
 "windows-sys 0.59.0",
]

[[package]]
name = "windows-sys"
version = "0.52.0"
source = "registry+https://github.com/rust-lang/crates.io-index"
checksum = "282be5f36a8ce781fad8c8ae18fa3f9beff57ec1b52cb3de0789201425d9a33d"
dependencies = [
 "windows-targets",
]

[[package]]
name = "windows-sys"
version = "0.59.0"
source = "registry+https://github.com/rust-lang/crates.io-index"
checksum = "1e38bc4d79ed67fd075bcc251a1c39b32a1776bbe92e5bef1f0bf1f8c531853b"
dependencies = [
 "windows-targets",
]

[[package]]
name = "windows-targets"
version = "0.52.6"
source = "registry+https://github.com/rust-lang/crates.io-index"
checksum = "9b724f72796e036ab90c1021d4780d4d3d648aca59e491e6b98e725b84e99973"
dependencies = [
 "windows_aarch64_gnullvm",
 "windows_aarch64_msvc",
 "windows_i686_gnu",
 "windows_i686_gnullvm",
 "windows_i686_msvc",
 "windows_x86_64_gnu",
 "windows_x86_64_gnullvm",
 "windows_x86_64_msvc",
]

[[package]]
name = "windows_aarch64_gnullvm"
version = "0.52.6"
source = "registry+https://github.com/rust-lang/crates.io-index"
checksum = "32a4622180e7a0ec044bb555404c800bc9fd9ec262ec147edd5989ccd0c02cd3"

[[package]]
name = "windows_aarch64_msvc"
version = "0.52.6"
source = "registry+https://github.com/rust-lang/crates.io-index"
checksum = "09ec2a7bb152e2252b53fa7803150007879548bc709c039df7627cabbd05d469"

[[package]]
name = "windows_i686_gnu"
version = "0.52.6"
source = "registry+https://github.com/rust-lang/crates.io-index"
checksum = "8e9b5ad5ab802e97eb8e295ac6720e509ee4c243f69d781394014ebfe8bbfa0b"

[[package]]
name = "windows_i686_gnullvm"
version = "0.52.6"
source = "registry+https://github.com/rust-lang/crates.io-index"
checksum = "0eee52d38c090b3caa76c563b86c3a4bd71ef1a819287c19d586d7334ae8ed66"

[[package]]
name = "windows_i686_msvc"
version = "0.52.6"
source = "registry+https://github.com/rust-lang/crates.io-index"
checksum = "240948bc05c5e7c6dabba28bf89d89ffce3e303022809e73deaefe4f6ec56c66"

[[package]]
name = "windows_x86_64_gnu"
version = "0.52.6"
source = "registry+https://github.com/rust-lang/crates.io-index"
checksum = "147a5c80aabfbf0c7d901cb5895d1de30ef2907eb21fbbab29ca94c5b08b1a78"

[[package]]
name = "windows_x86_64_gnullvm"
version = "0.52.6"
source = "registry+https://github.com/rust-lang/crates.io-index"
checksum = "24d5b23dc417412679681396f2b49f3de8c1473deb516bd34410872eff51ed0d"

[[package]]
name = "windows_x86_64_msvc"
version = "0.52.6"
source = "registry+https://github.com/rust-lang/crates.io-index"
checksum = "589f6da84c646204747d1270a2a5661ea66ed1cced2631d546fdfb155959f9ec"

[[package]]
name = "winnow"
version = "0.6.20"
source = "registry+https://github.com/rust-lang/crates.io-index"
checksum = "36c1fec1a2bb5866f07c25f68c26e565c4c200aebb96d7e55710c19d3e8ac49b"
dependencies = [
 "memchr",
]

[[package]]
name = "zerocopy"
version = "0.7.35"
source = "registry+https://github.com/rust-lang/crates.io-index"
checksum = "1b9b4fd18abc82b8136838da5d50bae7bdea537c574d8dc1a34ed098d6c166f0"
dependencies = [
 "zerocopy-derive",
]

[[package]]
name = "zerocopy-derive"
version = "0.7.35"
source = "registry+https://github.com/rust-lang/crates.io-index"
checksum = "fa4f8080344d4671fb4e831a13ad1e68092748387dfc4f55e356242fae12ce3e"
dependencies = [
 "proc-macro2",
 "quote",
 "syn",
]
